<?xml version="1.0" encoding="utf-8"?>
<Project ToolsVersion="4.0" xmlns="http://schemas.microsoft.com/developer/msbuild/2003">
  <ItemGroup>
    <Filter Include="Source Files">
      <UniqueIdentifier>{4FC737F1-C7A5-4376-A066-2A32D752A2FF}</UniqueIdentifier>
      <Extensions>cpp;c;cc;cxx;def;odl;idl;hpj;bat;asm;asmx</Extensions>
    </Filter>
    <Filter Include="Header Files">
      <UniqueIdentifier>{93995380-89BD-4b04-88EB-625FBE52EBFB}</UniqueIdentifier>
      <Extensions>h;hh;hpp;hxx;hm;inl;inc;xsd</Extensions>
    </Filter>
    <Filter Include="Resource Files">
      <UniqueIdentifier>{67DA6AB6-F800-4c08-8B7A-83BB121AAD01}</UniqueIdentifier>
      <Extensions>rc;ico;cur;bmp;dlg;rc2;rct;bin;rgs;gif;jpg;jpeg;jpe;resx;tiff;tif;png;wav;mfcribbon-ms</Extensions>
    </Filter>
    <Filter Include="Header Files\EngineUserInterface">
      <UniqueIdentifier>{4279389e-cbdf-4f2d-a076-62d32b05b9b4}</UniqueIdentifier>
    </Filter>
    <Filter Include="Resource Files\Shaders">
      <UniqueIdentifier>{7239437d-9681-4cc5-a1e1-b4ad0e1ff330}</UniqueIdentifier>
    </Filter>
    <Filter Include="Resource Files\Shaders\specksCS">
      <UniqueIdentifier>{b1da27f4-393f-4189-ba80-263c5734a259}</UniqueIdentifier>
    </Filter>
  </ItemGroup>
  <ItemGroup>
    <ClCompile Include="Camera.cpp">
      <Filter>Source Files</Filter>
    </ClCompile>
    <ClCompile Include="CameraController.cpp">
      <Filter>Source Files</Filter>
    </ClCompile>
    <ClCompile Include="D3DApp.cpp">
      <Filter>Source Files</Filter>
    </ClCompile>
    <ClCompile Include="InputHandler.cpp">
      <Filter>Source Files</Filter>
    </ClCompile>
    <ClCompile Include="SpeckApp.cpp">
      <Filter>Source Files</Filter>
    </ClCompile>
    <ClCompile Include="MathHelper.cpp">
      <Filter>Source Files</Filter>
    </ClCompile>
    <ClCompile Include="GeometryGenerator.cpp">
      <Filter>Source Files</Filter>
    </ClCompile>
    <ClCompile Include="DDSTextureLoader.cpp">
      <Filter>Source Files</Filter>
    </ClCompile>
    <ClCompile Include="FrameResource.cpp">
      <Filter>Source Files</Filter>
    </ClCompile>
    <ClCompile Include="FPCameraController.cpp">
      <Filter>Source Files</Filter>
    </ClCompile>
    <ClCompile Include="RenderItem.cpp">
      <Filter>Source Files</Filter>
    </ClCompile>
    <ClCompile Include="EngineCore.cpp">
      <Filter>Source Files</Filter>
    </ClCompile>
    <ClCompile Include="SpeckWorld.cpp">
      <Filter>Source Files</Filter>
    </ClCompile>
    <ClCompile Include="World.cpp">
      <Filter>Source Files</Filter>
    </ClCompile>
    <ClCompile Include="App.cpp">
      <Filter>Source Files</Filter>
    </ClCompile>
    <ClCompile Include="AppCommands.cpp">
      <Filter>Source Files</Filter>
    </ClCompile>
    <ClCompile Include="WorldCommands.cpp">
      <Filter>Source Files</Filter>
    </ClCompile>
    <ClCompile Include="CubeRenderTarget.cpp">
      <Filter>Source Files</Filter>
    </ClCompile>
    <ClCompile Include="DirectXCore.cpp">
      <Filter>Source Files</Filter>
    </ClCompile>
    <ClCompile Include="DDSTextureGenerator.cpp">
      <Filter>Source Files</Filter>
    </ClCompile>
    <ClCompile Include="SpecksHandler.cpp">
      <Filter>Source Files</Filter>
    </ClCompile>
    <ClCompile Include="Timer.cpp">
      <Filter>Source Files</Filter>
    </ClCompile>
    <ClCompile Include="Transform.cpp">
      <Filter>Source Files</Filter>
    </ClCompile>
  </ItemGroup>
  <ItemGroup>
    <ClInclude Include="D3DApp.h">
      <Filter>Header Files</Filter>
    </ClInclude>
    <ClInclude Include="DirectXHeaders.h">
      <Filter>Header Files</Filter>
    </ClInclude>
    <ClInclude Include="d3dx12.h">
      <Filter>Header Files</Filter>
    </ClInclude>
    <ClInclude Include="SpeckApp.h">
      <Filter>Header Files</Filter>
    </ClInclude>
    <ClInclude Include="GeometryGenerator.h">
      <Filter>Header Files</Filter>
    </ClInclude>
    <ClInclude Include="GenericShaderStructures.h">
      <Filter>Header Files</Filter>
    </ClInclude>
    <ClInclude Include="DDSTextureLoader.h">
      <Filter>Header Files</Filter>
    </ClInclude>
    <ClInclude Include="FrameResource.h">
      <Filter>Header Files</Filter>
    </ClInclude>
    <ClInclude Include="UploadBuffer.h">
      <Filter>Header Files</Filter>
    </ClInclude>
    <ClInclude Include="DirectXUtilities.h">
      <Filter>Header Files</Filter>
    </ClInclude>
    <ClInclude Include="RenderItem.h">
      <Filter>Header Files</Filter>
    </ClInclude>
    <ClInclude Include="PSOGroup.h">
      <Filter>Header Files</Filter>
    </ClInclude>
    <ClInclude Include="DirectXCore.h">
      <Filter>Header Files</Filter>
    </ClInclude>
    <ClInclude Include="SpeckWorld.h">
      <Filter>Header Files</Filter>
    </ClInclude>
    <ClInclude Include="SpeckEngineDefinitions.h">
      <Filter>Header Files\EngineUserInterface</Filter>
    </ClInclude>
    <ClInclude Include="FPCameraController.h">
      <Filter>Header Files\EngineUserInterface</Filter>
    </ClInclude>
    <ClInclude Include="RandomGenerator.h">
      <Filter>Header Files\EngineUserInterface</Filter>
    </ClInclude>
    <ClInclude Include="CameraController.h">
      <Filter>Header Files\EngineUserInterface</Filter>
    </ClInclude>
    <ClInclude Include="App.h">
      <Filter>Header Files\EngineUserInterface</Filter>
    </ClInclude>
    <ClInclude Include="InputHandler.h">
      <Filter>Header Files\EngineUserInterface</Filter>
    </ClInclude>
    <ClInclude Include="Exceptions.h">
      <Filter>Header Files\EngineUserInterface</Filter>
    </ClInclude>
    <ClInclude Include="Camera.h">
      <Filter>Header Files\EngineUserInterface</Filter>
    </ClInclude>
    <ClInclude Include="EngineCore.h">
      <Filter>Header Files\EngineUserInterface</Filter>
    </ClInclude>
    <ClInclude Include="ProcessAndSystemData.h">
      <Filter>Header Files\EngineUserInterface</Filter>
    </ClInclude>
    <ClInclude Include="EngineUser.h">
      <Filter>Header Files\EngineUserInterface</Filter>
    </ClInclude>
    <ClInclude Include="WorldUser.h">
      <Filter>Header Files\EngineUserInterface</Filter>
    </ClInclude>
    <ClInclude Include="World.h">
      <Filter>Header Files\EngineUserInterface</Filter>
    </ClInclude>
    <ClInclude Include="MathHelper.h">
      <Filter>Header Files\EngineUserInterface</Filter>
    </ClInclude>
    <ClInclude Include="Command.h">
      <Filter>Header Files\EngineUserInterface</Filter>
    </ClInclude>
    <ClInclude Include="AppCommands.h">
      <Filter>Header Files\EngineUserInterface</Filter>
    </ClInclude>
    <ClInclude Include="WorldCommands.h">
      <Filter>Header Files\EngineUserInterface</Filter>
    </ClInclude>
    <ClInclude Include="CubeRenderTarget.h">
      <Filter>Header Files</Filter>
    </ClInclude>
    <ClInclude Include="MaterialShaderStructure.h">
      <Filter>Header Files</Filter>
    </ClInclude>
    <ClInclude Include="DDSTextureGenerator.h">
      <Filter>Header Files</Filter>
    </ClInclude>
    <ClInclude Include="SpecksHandler.h">
      <Filter>Header Files</Filter>
    </ClInclude>
    <ClInclude Include="Resources.h">
      <Filter>Header Files</Filter>
    </ClInclude>
    <ClInclude Include="PhysicsDataStructs.h">
      <Filter>Header Files\EngineUserInterface</Filter>
    </ClInclude>
    <ClInclude Include="Timer.h">
      <Filter>Header Files\EngineUserInterface</Filter>
    </ClInclude>
    <ClInclude Include="Transform.h">
      <Filter>Header Files\EngineUserInterface</Filter>
    </ClInclude>
    <ClInclude Include="SetLookAtCameraController.h">
      <Filter>Header Files\EngineUserInterface</Filter>
    </ClInclude>
  </ItemGroup>
  <ItemGroup>
    <FxCompile Include="defferedAssemblerPS.hlsl">
      <Filter>Resource Files\Shaders</Filter>
    </FxCompile>
    <FxCompile Include="defferedAssemblerVS.hlsl">
      <Filter>Resource Files\Shaders</Filter>
    </FxCompile>
    <FxCompile Include="irrMapCS.hlsl">
      <Filter>Resource Files\Shaders</Filter>
    </FxCompile>
    <FxCompile Include="speckPS.hlsl">
      <Filter>Resource Files\Shaders</Filter>
    </FxCompile>
    <FxCompile Include="speckVS.hlsl">
      <Filter>Resource Files\Shaders</Filter>
    </FxCompile>
    <FxCompile Include="standardPS.hlsl">
      <Filter>Resource Files\Shaders</Filter>
    </FxCompile>
    <FxCompile Include="standardVS.hlsl">
      <Filter>Resource Files\Shaders</Filter>
    </FxCompile>
    <FxCompile Include="specksCS_phase0.hlsl">
      <Filter>Resource Files\Shaders\specksCS</Filter>
    </FxCompile>
    <FxCompile Include="specksCS_phase1.hlsl">
      <Filter>Resource Files\Shaders\specksCS</Filter>
    </FxCompile>
    <FxCompile Include="specksCS_phase2.hlsl">
      <Filter>Resource Files\Shaders\specksCS</Filter>
    </FxCompile>
    <FxCompile Include="specksCS_phaseFinal.hlsl">
      <Filter>Resource Files\Shaders\specksCS</Filter>
    </FxCompile>
    <FxCompile Include="specksCS_phase3_0.hlsl">
      <Filter>Resource Files\Shaders\specksCS</Filter>
    </FxCompile>
    <FxCompile Include="specksCS_phase3_1.hlsl">
      <Filter>Resource Files\Shaders\specksCS</Filter>
    </FxCompile>
    <FxCompile Include="specksCS_phase4.hlsl">
      <Filter>Resource Files\Shaders\specksCS</Filter>
    </FxCompile>
    <FxCompile Include="specksCS_phase6.hlsl">
      <Filter>Resource Files\Shaders\specksCS</Filter>
    </FxCompile>
    <FxCompile Include="specksCS_phase5_0.hlsl">
      <Filter>Resource Files\Shaders\specksCS</Filter>
    </FxCompile>
    <FxCompile Include="specksCS_phase5_1.hlsl">
      <Filter>Resource Files\Shaders\specksCS</Filter>
    </FxCompile>
    <FxCompile Include="specksCS_phase5_2.hlsl">
      <Filter>Resource Files\Shaders\specksCS</Filter>
    </FxCompile>
    <FxCompile Include="specksCS_phase5_3.hlsl">
      <Filter>Resource Files\Shaders\specksCS</Filter>
    </FxCompile>
  </ItemGroup>
  <ItemGroup>
    <None Include="LightingUtil.hlsl">
      <Filter>Resource Files\Shaders</Filter>
    </None>
    <None Include="shaderRoot.hlsl">
      <Filter>Resource Files\Shaders</Filter>
    </None>
    <None Include="sharedStructures.hlsl">
      <Filter>Resource Files\Shaders</Filter>
    </None>
    <None Include="milionPrimes.bin">
      <Filter>Resource Files</Filter>
    </None>
    <None Include="specksCS_Root.hlsl">
      <Filter>Resource Files\Shaders\specksCS</Filter>
    </None>
    <None Include="MathHelper.hlsl" />
  </ItemGroup>
  <ItemGroup>
    <ResourceCompile Include="SpeckEngine.rc">
      <Filter>Resource Files</Filter>
    </ResourceCompile>
  </ItemGroup>
  <ItemGroup>
    <Text Include="cpuGpuDefines.txt">
      <Filter>Header Files\EngineUserInterface</Filter>
    </Text>
  </ItemGroup>
</Project>